
Microsoft Visual Studio Solution File, Format Version 12.00
# Visual Studio Version 17
VisualStudioVersion = 17.5.33516.290
MinimumVisualStudioVersion = 10.0.40219.1
Project("{FAE04EC0-301F-11D3-BF4B-00C04F79EFBC}") = "AvaloniaApplication6", "AvaloniaApplication6\AvaloniaApplication6.csproj", "{54957402-2A46-4E71-8251-DE3855A70433}"
EndProject
Global
	GlobalSection(SolutionConfigurationPlatforms) = preSolution
		Debug|Any CPU = Debug|Any CPU
		Release|Any CPU = Release|Any CPU
	EndGlobalSection
	GlobalSection(ProjectConfigurationPlatforms) = postSolution
		{54957402-2A46-4E71-8251-DE3855A70433}.Debug|Any CPU.ActiveCfg = Debug|Any CPU
		{54957402-2A46-4E71-8251-DE3855A70433}.Debug|Any CPU.Build.0 = Debug|Any CPU
		{54957402-2A46-4E71-8251-DE3855A70433}.Release|Any CPU.ActiveCfg = Release|Any CPU
		{54957402-2A46-4E71-8251-DE3855A70433}.Release|Any CPU.Build.0 = Release|Any CPU
	EndGlobalSection
	GlobalSection(SolutionProperties) = preSolution
		HideSolutionNode = FALSE
	EndGlobalSection
	GlobalSection(ExtensibilityGlobals) = postSolution
		SolutionGuid = {60ED288B-BD17-461B-B6E2-3032FFB2F91B}
	EndGlobalSection
EndGlobal
